<?xml version="1.0" encoding="utf-8"?>
<Project ToolsVersion="4.0" xmlns="http://schemas.microsoft.com/developer/msbuild/2003">
  <ItemGroup>
    <Filter Include="Source Files">
      <UniqueIdentifier>{4FC737F1-C7A5-4376-A066-2A32D752A2FF}</UniqueIdentifier>
      <Extensions>cpp;c;cc;cxx;c++;cppm;ixx;def;odl;idl;hpj;bat;asm;asmx</Extensions>
    </Filter>
    <Filter Include="Header Files">
      <UniqueIdentifier>{93995380-89BD-4b04-88EB-625FBE52EBFB}</UniqueIdentifier>
      <Extensions>h;hh;hpp;hxx;h++;hm;inl;inc;ipp;xsd</Extensions>
    </Filter>
    <Filter Include="Resource Files">
      <UniqueIdentifier>{67DA6AB6-F800-4c08-8B7A-83BB121AAD01}</UniqueIdentifier>
      <Extensions>rc;ico;cur;bmp;dlg;rc2;rct;bin;rgs;gif;jpg;jpeg;jpe;resx;tiff;tif;png;wav;mfcribbon-ms</Extensions>
    </Filter>
    <Filter Include="Header Files\system">
      <UniqueIdentifier>{2174a26a-25a1-45b6-938f-8acda95153df}</UniqueIdentifier>
    </Filter>
    <Filter Include="Source Files\system">
      <UniqueIdentifier>{6811b6b4-74a7-4dd0-8be1-79f18109b4bc}</UniqueIdentifier>
    </Filter>
    <Filter Include="Header Files\sim">
      <UniqueIdentifier>{0e0745fe-1185-452b-98a5-fdd10bc7aff1}</UniqueIdentifier>
    </Filter>
    <Filter Include="Source Files\sim">
      <UniqueIdentifier>{07255aac-7577-4a7b-8a85-fd7999a768e7}</UniqueIdentifier>
    </Filter>
    <Filter Include="Header Files\algorithm">
      <UniqueIdentifier>{73c369d8-ced7-4d42-9110-0a6473165c6a}</UniqueIdentifier>
    </Filter>
    <Filter Include="Source Files\algorithm">
      <UniqueIdentifier>{52d26acd-034c-49bd-8bc2-0fc14ec6ee14}</UniqueIdentifier>
    </Filter>
  </ItemGroup>
  <ItemGroup>
    <ClCompile Include="src\system\Client.cpp">
      <Filter>Source Files\system</Filter>
    </ClCompile>
    <ClCompile Include="src\system\Queue.cpp">
      <Filter>Source Files\system</Filter>
    </ClCompile>
    <ClCompile Include="main.cpp">
      <Filter>Source Files</Filter>
    </ClCompile>
    <ClCompile Include="src\system\Server.cpp">
      <Filter>Source Files\system</Filter>
    </ClCompile>
    <ClCompile Include="src\system\ServerStatusEnum.cpp">
      <Filter>Source Files\system</Filter>
    </ClCompile>
    <ClCompile Include="src\system\System.cpp">
      <Filter>Source Files\system</Filter>
    </ClCompile>
    <ClCompile Include="src\sim\EventTypeEnum.cpp">
      <Filter>Source Files\sim</Filter>
    </ClCompile>
    <ClCompile Include="src\sim\Event.cpp">
      <Filter>Source Files\sim</Filter>
    </ClCompile>
    <ClCompile Include="src\sim\EventList.cpp">
      <Filter>Source Files\sim</Filter>
    </ClCompile>
    <ClCompile Include="src\sim\Stats.cpp">
      <Filter>Source Files\sim</Filter>
    </ClCompile>
    <ClCompile Include="src\sim\RaportGenerator.cpp">
      <Filter>Source Files\sim</Filter>
    </ClCompile>
    <ClCompile Include="src\algorithm\Init.cpp">
      <Filter>Source Files\algorithm</Filter>
    </ClCompile>
    <ClCompile Include="src\algorithm\Time.cpp">
      <Filter>Source Files\algorithm</Filter>
    </ClCompile>
    <ClCompile Include="src\algorithm\Events.cpp">
      <Filter>Source Files\algorithm</Filter>
    </ClCompile>
    <ClCompile Include="src\algorithm\LibArrival.cpp">
      <Filter>Source Files\algorithm</Filter>
    </ClCompile>
    <ClCompile Include="src\algorithm\LibDeparture.cpp">
      <Filter>Source Files\algorithm</Filter>
    </ClCompile>
    <ClCompile Include="src\algorithm\ILibArrival.cpp">
      <Filter>Source Files\algorithm</Filter>
    </ClCompile>
    <ClCompile Include="src\Program.cpp">
      <Filter>Source Files</Filter>
    </ClCompile>
    <ClCompile Include="src\system\Flows.cpp">
      <Filter>Source Files\system</Filter>
    </ClCompile>
    <ClCompile Include="src\system\FlowEnum.cpp">
      <Filter>Source Files\system</Filter>
    </ClCompile>
    <ClCompile Include="src\system\Scheduler.cpp">
      <Filter>Source Files</Filter>
    </ClCompile>
  </ItemGroup>
  <ItemGroup>
    <ClInclude Include="src\system\Client.h">
      <Filter>Header Files\system</Filter>
    </ClInclude>
    <ClInclude Include="src\system\Queue.h">
      <Filter>Header Files\system</Filter>
    </ClInclude>
    <ClInclude Include="src\system\Server.h">
      <Filter>Header Files\system</Filter>
    </ClInclude>
    <ClInclude Include="src\system\ServerStatusEnum.h">
      <Filter>Header Files\system</Filter>
    </ClInclude>
    <ClInclude Include="src\system\System.h">
      <Filter>Header Files\system</Filter>
    </ClInclude>
    <ClInclude Include="src\sim\EventTypeEnum.h">
      <Filter>Header Files\sim</Filter>
    </ClInclude>
    <ClInclude Include="src\sim\Event.h">
      <Filter>Header Files\sim</Filter>
    </ClInclude>
    <ClInclude Include="src\sim\EventList.h">
      <Filter>Header Files\sim</Filter>
    </ClInclude>
    <ClInclude Include="src\sim\Stats.h">
      <Filter>Header Files\sim</Filter>
    </ClInclude>
    <ClInclude Include="src\sim\RaportGenerator.h">
      <Filter>Header Files\sim</Filter>
    </ClInclude>
    <ClInclude Include="src\algorithm\Init.h">
      <Filter>Header Files\algorithm</Filter>
    </ClInclude>
    <ClInclude Include="src\algorithm\Time.h">
      <Filter>Header Files\algorithm</Filter>
    </ClInclude>
    <ClInclude Include="src\algorithm\Events.h">
      <Filter>Header Files\algorithm</Filter>
    </ClInclude>
    <ClInclude Include="src\algorithm\LibArrivalExp.h">
      <Filter>Header Files\algorithm</Filter>
    </ClInclude>
    <ClInclude Include="src\algorithm\LibDepartureExp.h">
      <Filter>Header Files\algorithm</Filter>
    </ClInclude>
    <ClInclude Include="src\algorithm\ILibDeparture.h">
      <Filter>Header Files\algorithm</Filter>
    </ClInclude>
    <ClInclude Include="src\algorithm\ILibArrival.h">
      <Filter>Header Files\algorithm</Filter>
    </ClInclude>
    <ClInclude Include="src\Program.h">
      <Filter>Header Files</Filter>
    </ClInclude>
    <ClInclude Include="src\system\Flows.h">
      <Filter>Header Files\system</Filter>
    </ClInclude>
    <ClInclude Include="src\system\FlowEnum.h">
      <Filter>Header Files\system</Filter>
    </ClInclude>
    <ClInclude Include="src\system\Scheduler.h">
      <Filter>Header Files</Filter>
    </ClInclude>
  </ItemGroup>
</Project>